
Microsoft Visual Studio Solution File, Format Version 12.00
# Visual Studio 15
VisualStudioVersion = 15.0.26228.102
MinimumVisualStudioVersion = 10.0.40219.1
Project("{FAE04EC0-301F-11D3-BF4B-00C04F79EFBC}") = "musify", "musify\musify.csproj", "{056E6F02-BEDC-4286-B771-7238A8488431}"
EndProject
Global
	GlobalSection(SolutionConfigurationPlatforms) = preSolution
		Debug|Any CPU = Debug|Any CPU
		Release|Any CPU = Release|Any CPU
	EndGlobalSection
	GlobalSection(ProjectConfigurationPlatforms) = postSolution
		{056E6F02-BEDC-4286-B771-7238A8488431}.Debug|Any CPU.ActiveCfg = Debug|Any CPU
		{056E6F02-BEDC-4286-B771-7238A8488431}.Debug|Any CPU.Build.0 = Debug|Any CPU
		{056E6F02-BEDC-4286-B771-7238A8488431}.Release|Any CPU.ActiveCfg = Release|Any CPU
		{056E6F02-BEDC-4286-B771-7238A8488431}.Release|Any CPU.Build.0 = Release|Any CPU
	EndGlobalSection
	GlobalSection(SolutionProperties) = preSolution
		HideSolutionNode = FALSE
	EndGlobalSection
EndGlobal
